{
  "name": "@mistblossom/bot",
  "version": "3.4.6",
  "lockfileVersion": 3,
  "requires": true,
  "packages": {
    "": {
      "name": "@mistblossom/bot",
      "version": "3.4.6",
      "dependencies": {
        "@mistblossom/discord-contract": "file:../shared"
      },
      "engines": {
        "node": ">=22"
      }
    },
    "../shared": {
      "name": "@mistblossom/discord-contract",
      "version": "1.0.0"
    },
    "node_modules/@mistblossom/discord-contract": {
      "resolved": "../shared",
      "link": true
    }
  }
}
